version = 1
revision = 2
requires-python = ">=3.13"

[[package]]
name = "airdancer-slack"
version = "0.1.0"
source = { virtual = "." }
dependencies = [
    { name = "paho-mqtt" },
    { name = "pony" },
    { name = "slack-bolt" },
    { name = "slack-cli-hooks" },
]

[package.metadata]
requires-dist = [
    { name = "paho-mqtt", specifier = ">=2.1.0" },
    { name = "pony", specifier = ">=0.7.16" },
    { name = "slack-bolt", specifier = ">=1.23.0" },
    { name = "slack-cli-hooks", specifier = ">=0.1.0" },
]

[[package]]
name = "packaging"
version = "25.0"
source = { registry = "https://pypi.org/simple" }
sdist = { url = "https://files.pythonhosted.org/packages/a1/d4/1fc4078c65507b51b96ca8f8c3ba19e6a61c8253c72794544580a7b6c24d/packaging-25.0.tar.gz", hash = "sha256:d443872c98d677bf60f6a1f2f8c1cb748e8fe762d2bf9d3148b5599295b0fc4f", size = 165727, upload-time = "2025-04-19T11:48:59.673Z" }
wheels = [
    { url = "https://files.pythonhosted.org/packages/20/12/38679034af332785aac8774540895e234f4d07f7545804097de4b666afd8/packaging-25.0-py3-none-any.whl", hash = "sha256:29572ef2b1f17581046b3a2227d5c611fb25ec70ca1ba8554b24b0e69331a484", size = 66469, upload-time = "2025-04-19T11:48:57.875Z" },
]

[[package]]
name = "paho-mqtt"
version = "2.1.0"
source = { registry = "https://pypi.org/simple" }
sdist = { url = "https://files.pythonhosted.org/packages/39/15/0a6214e76d4d32e7f663b109cf71fb22561c2be0f701d67f93950cd40542/paho_mqtt-2.1.0.tar.gz", hash = "sha256:12d6e7511d4137555a3f6ea167ae846af2c7357b10bc6fa4f7c3968fc1723834", size = 148848, upload-time = "2024-04-29T19:52:55.591Z" }
wheels = [
    { url = "https://files.pythonhosted.org/packages/c4/cb/00451c3cf31790287768bb12c6bec834f5d292eaf3022afc88e14b8afc94/paho_mqtt-2.1.0-py3-none-any.whl", hash = "sha256:6db9ba9b34ed5bc6b6e3812718c7e06e2fd7444540df2455d2c51bd58808feee", size = 67219, upload-time = "2024-04-29T19:52:48.345Z" },
]

[[package]]
name = "pony"
version = "0.7.19"
source = { registry = "https://pypi.org/simple" }
sdist = { url = "https://files.pythonhosted.org/packages/60/59/ab6542afa95de0d5a16545ce6ce683960352cfd9a2318722593b81a98123/pony-0.7.19.tar.gz", hash = "sha256:f7f83b2981893e49f7f18e8def52ad8fa8f8e6c5f9583b9aaed62d4d85036a0f", size = 258589, upload-time = "2024-08-27T12:29:29.963Z" }
wheels = [
    { url = "https://files.pythonhosted.org/packages/16/cb/0ef8429024309fe6f5edf1debc7cf63adeaeb34b2242490cc18710658abd/pony-0.7.19-py3-none-any.whl", hash = "sha256:5112b4cf40d3f24e93ae66dc5ab7dc6813388efa870e750928d60dc699873cf5", size = 317259, upload-time = "2024-08-27T12:29:28.247Z" },
]

[[package]]
name = "slack-bolt"
version = "1.23.0"
source = { registry = "https://pypi.org/simple" }
dependencies = [
    { name = "slack-sdk" },
]
sdist = { url = "https://files.pythonhosted.org/packages/a5/c9/7421458765061cb98e01a12d6cadc273ee35e75856b0073ec7c3efa5cf46/slack_bolt-1.23.0.tar.gz", hash = "sha256:3d2c3eb13131407a94f925eb22b180d352c2d97b808303ef92b7a46d6508c843", size = 130659, upload-time = "2025-03-19T18:03:13.266Z" }
wheels = [
    { url = "https://files.pythonhosted.org/packages/c8/48/6f435d702a680307488c7d8d3bd6e12552bbf2ff3e0eb67ccb7d0850d122/slack_bolt-1.23.0-py2.py3-none-any.whl", hash = "sha256:6d6ae39d80c964c362505ae4e587eed2b26dbc3a9f0cb76af1150c30fb670488", size = 229691, upload-time = "2025-03-19T18:03:11.878Z" },
]

[[package]]
name = "slack-cli-hooks"
version = "0.1.0"
source = { registry = "https://pypi.org/simple" }
dependencies = [
    { name = "packaging" },
    { name = "slack-bolt" },
]
sdist = { url = "https://files.pythonhosted.org/packages/29/46/eb3975274fa84c7bf61cbdd5c994acfc208a47a7b4c321958e87ad8a9787/slack_cli_hooks-0.1.0.tar.gz", hash = "sha256:d652b7b02e190a528c099c03257768a0bcba53601770c67651834384611ede50", size = 9734, upload-time = "2025-07-16T18:40:13.714Z" }
wheels = [
    { url = "https://files.pythonhosted.org/packages/07/96/12a409b992c1f9c0daeb6d9ac4ef87c2b9872b74fcddc24a6fa435d666aa/slack_cli_hooks-0.1.0-py3-none-any.whl", hash = "sha256:731a8879fc0b5efccd6244fa26c6afd35bdb52ad63a1200feada1bae200952a6", size = 11142, upload-time = "2025-07-16T18:40:12.914Z" },
]

[[package]]
name = "slack-sdk"
version = "3.36.0"
source = { registry = "https://pypi.org/simple" }
sdist = { url = "https://files.pythonhosted.org/packages/73/1e/bbf7fdd00306f097ddb839c23628b7e271128cc8f584b9cae8f704b3924e/slack_sdk-3.36.0.tar.gz", hash = "sha256:8586022bdbdf9f8f8d32f394540436c53b1e7c8da9d21e1eab4560ba70cfcffa", size = 233382, upload-time = "2025-07-09T20:58:22.838Z" }
wheels = [
    { url = "https://files.pythonhosted.org/packages/70/9a/380d20856d9ea39fbc4d3bb66f076b0d72035ebe873eb05fc88ebee4125f/slack_sdk-3.36.0-py2.py3-none-any.whl", hash = "sha256:6c96887d7175fc1b0b2777b73bb65f39b5b8bee9bd8acfec071d64014f9e2d10", size = 293949, upload-time = "2025-07-09T20:58:21.233Z" },
]
